
Microsoft Visual Studio Solution File, Format Version 12.00
# Visual Studio Version 17
VisualStudioVersion = 17.9.34616.47
MinimumVisualStudioVersion = 10.0.40219.1
Project("{9A19103F-16F7-4668-BE54-9A1E7A4F7556}") = "Pr0t0k07.APIsurdORM", "Pr0t0k07.APIsurdORM\Pr0t0k07.APIsurdORM.csproj", "{128D423B-7461-4E9F-A101-0E3120EA3EC8}"
EndProject
Project("{2150E333-8FDC-42A3-9474-1A3956D46DE8}") = "Infrastructure", "Infrastructure", "{7AAE7B10-D321-40C5-B099-7B2466F80919}"
EndProject
Project("{2150E333-8FDC-42A3-9474-1A3956D46DE8}") = "Application", "Application", "{2D9D7CF6-AB57-4425-892C-5201C1235FC9}"
EndProject
Project("{9A19103F-16F7-4668-BE54-9A1E7A4F7556}") = "Pr0t0k07.APIsurdORM.Infrastructure", "Infrastructure\Pr0t0k07.APIsurdORM.Infrastructure\Pr0t0k07.APIsurdORM.Infrastructure.csproj", "{D4A4A1F7-D366-4907-ACF7-59DCF2517272}"
EndProject
Project("{9A19103F-16F7-4668-BE54-9A1E7A4F7556}") = "Pr0t0k07.APIsurdORM.Application", "Application\Pr0t0k07.APIsurdORM.Application\Pr0t0k07.APIsurdORM.Application.csproj", "{C155E877-BBE6-4812-8C91-7B23D0BB06B6}"
EndProject
Project("{2150E333-8FDC-42A3-9474-1A3956D46DE8}") = "Templates", "Templates", "{587105F5-CD9D-42DF-9B83-0C4BF2718083}"
EndProject
Project("{9A19103F-16F7-4668-BE54-9A1E7A4F7556}") = "Pr0t0k07.APIsurdORM.Templates", "Infrastructure\Pr0t0k07.APIsurdORM.Templates\Pr0t0k07.APIsurdORM.Templates.csproj", "{6DCA2D7A-415F-45A4-B192-A754242755A3}"
EndProject
Project("{2150E333-8FDC-42A3-9474-1A3956D46DE8}") = "Templates", "Templates", "{36AB1EDD-12A6-4FFF-AA42-E3E82850AE6E}"
EndProject
Project("{2150E333-8FDC-42A3-9474-1A3956D46DE8}") = "Core", "Core", "{58EF7A0B-36AD-4D7E-9564-67784E7526DD}"
EndProject
Project("{2150E333-8FDC-42A3-9474-1A3956D46DE8}") = "Infrastructure", "Infrastructure", "{685E86E0-5BBB-40C1-8861-FF58582076FA}"
EndProject
Project("{2150E333-8FDC-42A3-9474-1A3956D46DE8}") = "Presentation", "Presentation", "{D47895D1-35CC-494C-AF4D-7AA4B531E165}"
EndProject
Project("{2150E333-8FDC-42A3-9474-1A3956D46DE8}") = "Application", "Application", "{A3EF9082-A8AA-4C5C-97D9-7367D1C49AA2}"
EndProject
Project("{2150E333-8FDC-42A3-9474-1A3956D46DE8}") = "Common", "Common", "{402AC21A-00E8-4E8F-8DB1-6C2782445C99}"
EndProject
Project("{2150E333-8FDC-42A3-9474-1A3956D46DE8}") = "Domain", "Domain", "{B915C20E-9463-4CDF-B085-01C54446B36A}"
EndProject
Project("{2150E333-8FDC-42A3-9474-1A3956D46DE8}") = "Infrastructure", "Infrastructure", "{CB2B09C2-E2EF-4896-BA2F-7FD484B1A618}"
EndProject
Project("{2150E333-8FDC-42A3-9474-1A3956D46DE8}") = "Persistence", "Persistence", "{1E64F2AC-8A2B-4BC5-84CB-18C6D8317765}"
EndProject
Project("{2150E333-8FDC-42A3-9474-1A3956D46DE8}") = "Api", "Api", "{D4C77A2D-479B-49F5-B419-661A5C961E61}"
EndProject
Project("{9A19103F-16F7-4668-BE54-9A1E7A4F7556}") = "{{ProjectName}}.Application", "Templates\Core\{{ProjectName}}.Application\{{ProjectName}}.Application.csproj", "{E11F18BD-2F3E-46B9-B75D-D11E0D2E7087}"
EndProject
Project("{9A19103F-16F7-4668-BE54-9A1E7A4F7556}") = "{{ProjectName}}.Common", "Templates\Core\{{ProjectName}}.Common\{{ProjectName}}.Common.csproj", "{15E8C512-2F79-426A-8F23-119FB252C3C9}"
EndProject
Project("{9A19103F-16F7-4668-BE54-9A1E7A4F7556}") = "{{ProjectName}}.Domain", "Templates\Core\{{ProjectName}}.Domain\{{ProjectName}}.Domain.csproj", "{9A7D4C63-D137-4BF4-A6AC-4267410BCF2C}"
EndProject
Project("{9A19103F-16F7-4668-BE54-9A1E7A4F7556}") = "{{ProjectName}}.Infrastructure", "Templates\Infrastructure\{{ProjectName}}.Infrastructure\{{ProjectName}}.Infrastructure.csproj", "{CD927708-75C8-499D-8CF0-3674B22D0DD9}"
EndProject
Project("{9A19103F-16F7-4668-BE54-9A1E7A4F7556}") = "{{ProjectName}}.Persistence", "Templates\Infrastructure\{{ProjectName}}.Persistence\{{ProjectName}}.Persistence.csproj", "{27119498-1A24-479A-A4E1-7F406563C290}"
EndProject
Project("{9A19103F-16F7-4668-BE54-9A1E7A4F7556}") = "{{ProjectName}}.Api", "Templates\Presentation\{{ProjectName}}.Api\{{ProjectName}}.Api.csproj", "{C93F67A7-3C6A-4776-9F58-A3E52D0D0E6F}"
EndProject
Global
	GlobalSection(SolutionConfigurationPlatforms) = preSolution
		Debug|Any CPU = Debug|Any CPU
		Release|Any CPU = Release|Any CPU
	EndGlobalSection
	GlobalSection(ProjectConfigurationPlatforms) = postSolution
		{128D423B-7461-4E9F-A101-0E3120EA3EC8}.Debug|Any CPU.ActiveCfg = Debug|Any CPU
		{128D423B-7461-4E9F-A101-0E3120EA3EC8}.Debug|Any CPU.Build.0 = Debug|Any CPU
		{128D423B-7461-4E9F-A101-0E3120EA3EC8}.Release|Any CPU.ActiveCfg = Release|Any CPU
		{128D423B-7461-4E9F-A101-0E3120EA3EC8}.Release|Any CPU.Build.0 = Release|Any CPU
		{D4A4A1F7-D366-4907-ACF7-59DCF2517272}.Debug|Any CPU.ActiveCfg = Debug|Any CPU
		{D4A4A1F7-D366-4907-ACF7-59DCF2517272}.Debug|Any CPU.Build.0 = Debug|Any CPU
		{D4A4A1F7-D366-4907-ACF7-59DCF2517272}.Release|Any CPU.ActiveCfg = Release|Any CPU
		{D4A4A1F7-D366-4907-ACF7-59DCF2517272}.Release|Any CPU.Build.0 = Release|Any CPU
		{C155E877-BBE6-4812-8C91-7B23D0BB06B6}.Debug|Any CPU.ActiveCfg = Debug|Any CPU
		{C155E877-BBE6-4812-8C91-7B23D0BB06B6}.Debug|Any CPU.Build.0 = Debug|Any CPU
		{C155E877-BBE6-4812-8C91-7B23D0BB06B6}.Release|Any CPU.ActiveCfg = Release|Any CPU
		{C155E877-BBE6-4812-8C91-7B23D0BB06B6}.Release|Any CPU.Build.0 = Release|Any CPU
		{6DCA2D7A-415F-45A4-B192-A754242755A3}.Debug|Any CPU.ActiveCfg = Debug|Any CPU
		{6DCA2D7A-415F-45A4-B192-A754242755A3}.Debug|Any CPU.Build.0 = Debug|Any CPU
		{6DCA2D7A-415F-45A4-B192-A754242755A3}.Release|Any CPU.ActiveCfg = Release|Any CPU
		{6DCA2D7A-415F-45A4-B192-A754242755A3}.Release|Any CPU.Build.0 = Release|Any CPU
		{E11F18BD-2F3E-46B9-B75D-D11E0D2E7087}.Debug|Any CPU.ActiveCfg = Debug|Any CPU
		{E11F18BD-2F3E-46B9-B75D-D11E0D2E7087}.Debug|Any CPU.Build.0 = Debug|Any CPU
		{E11F18BD-2F3E-46B9-B75D-D11E0D2E7087}.Release|Any CPU.ActiveCfg = Release|Any CPU
		{E11F18BD-2F3E-46B9-B75D-D11E0D2E7087}.Release|Any CPU.Build.0 = Release|Any CPU
		{15E8C512-2F79-426A-8F23-119FB252C3C9}.Debug|Any CPU.ActiveCfg = Debug|Any CPU
		{15E8C512-2F79-426A-8F23-119FB252C3C9}.Debug|Any CPU.Build.0 = Debug|Any CPU
		{15E8C512-2F79-426A-8F23-119FB252C3C9}.Release|Any CPU.ActiveCfg = Release|Any CPU
		{15E8C512-2F79-426A-8F23-119FB252C3C9}.Release|Any CPU.Build.0 = Release|Any CPU
		{9A7D4C63-D137-4BF4-A6AC-4267410BCF2C}.Debug|Any CPU.ActiveCfg = Debug|Any CPU
		{9A7D4C63-D137-4BF4-A6AC-4267410BCF2C}.Debug|Any CPU.Build.0 = Debug|Any CPU
		{9A7D4C63-D137-4BF4-A6AC-4267410BCF2C}.Release|Any CPU.ActiveCfg = Release|Any CPU
		{9A7D4C63-D137-4BF4-A6AC-4267410BCF2C}.Release|Any CPU.Build.0 = Release|Any CPU
		{CD927708-75C8-499D-8CF0-3674B22D0DD9}.Debug|Any CPU.ActiveCfg = Debug|Any CPU
		{CD927708-75C8-499D-8CF0-3674B22D0DD9}.Debug|Any CPU.Build.0 = Debug|Any CPU
		{CD927708-75C8-499D-8CF0-3674B22D0DD9}.Release|Any CPU.ActiveCfg = Release|Any CPU
		{CD927708-75C8-499D-8CF0-3674B22D0DD9}.Release|Any CPU.Build.0 = Release|Any CPU
		{27119498-1A24-479A-A4E1-7F406563C290}.Debug|Any CPU.ActiveCfg = Debug|Any CPU
		{27119498-1A24-479A-A4E1-7F406563C290}.Debug|Any CPU.Build.0 = Debug|Any CPU
		{27119498-1A24-479A-A4E1-7F406563C290}.Release|Any CPU.ActiveCfg = Release|Any CPU
		{27119498-1A24-479A-A4E1-7F406563C290}.Release|Any CPU.Build.0 = Release|Any CPU
		{C93F67A7-3C6A-4776-9F58-A3E52D0D0E6F}.Debug|Any CPU.ActiveCfg = Debug|Any CPU
		{C93F67A7-3C6A-4776-9F58-A3E52D0D0E6F}.Debug|Any CPU.Build.0 = Debug|Any CPU
		{C93F67A7-3C6A-4776-9F58-A3E52D0D0E6F}.Release|Any CPU.ActiveCfg = Release|Any CPU
		{C93F67A7-3C6A-4776-9F58-A3E52D0D0E6F}.Release|Any CPU.Build.0 = Release|Any CPU
	EndGlobalSection
	GlobalSection(SolutionProperties) = preSolution
		HideSolutionNode = FALSE
	EndGlobalSection
	GlobalSection(NestedProjects) = preSolution
		{D4A4A1F7-D366-4907-ACF7-59DCF2517272} = {7AAE7B10-D321-40C5-B099-7B2466F80919}
		{C155E877-BBE6-4812-8C91-7B23D0BB06B6} = {2D9D7CF6-AB57-4425-892C-5201C1235FC9}
		{587105F5-CD9D-42DF-9B83-0C4BF2718083} = {7AAE7B10-D321-40C5-B099-7B2466F80919}
		{6DCA2D7A-415F-45A4-B192-A754242755A3} = {587105F5-CD9D-42DF-9B83-0C4BF2718083}
		{58EF7A0B-36AD-4D7E-9564-67784E7526DD} = {36AB1EDD-12A6-4FFF-AA42-E3E82850AE6E}
		{685E86E0-5BBB-40C1-8861-FF58582076FA} = {36AB1EDD-12A6-4FFF-AA42-E3E82850AE6E}
		{D47895D1-35CC-494C-AF4D-7AA4B531E165} = {36AB1EDD-12A6-4FFF-AA42-E3E82850AE6E}
		{A3EF9082-A8AA-4C5C-97D9-7367D1C49AA2} = {58EF7A0B-36AD-4D7E-9564-67784E7526DD}
		{402AC21A-00E8-4E8F-8DB1-6C2782445C99} = {58EF7A0B-36AD-4D7E-9564-67784E7526DD}
		{B915C20E-9463-4CDF-B085-01C54446B36A} = {58EF7A0B-36AD-4D7E-9564-67784E7526DD}
		{CB2B09C2-E2EF-4896-BA2F-7FD484B1A618} = {685E86E0-5BBB-40C1-8861-FF58582076FA}
		{1E64F2AC-8A2B-4BC5-84CB-18C6D8317765} = {685E86E0-5BBB-40C1-8861-FF58582076FA}
		{D4C77A2D-479B-49F5-B419-661A5C961E61} = {D47895D1-35CC-494C-AF4D-7AA4B531E165}
		{E11F18BD-2F3E-46B9-B75D-D11E0D2E7087} = {A3EF9082-A8AA-4C5C-97D9-7367D1C49AA2}
		{15E8C512-2F79-426A-8F23-119FB252C3C9} = {402AC21A-00E8-4E8F-8DB1-6C2782445C99}
		{9A7D4C63-D137-4BF4-A6AC-4267410BCF2C} = {B915C20E-9463-4CDF-B085-01C54446B36A}
		{CD927708-75C8-499D-8CF0-3674B22D0DD9} = {CB2B09C2-E2EF-4896-BA2F-7FD484B1A618}
		{27119498-1A24-479A-A4E1-7F406563C290} = {1E64F2AC-8A2B-4BC5-84CB-18C6D8317765}
		{C93F67A7-3C6A-4776-9F58-A3E52D0D0E6F} = {D4C77A2D-479B-49F5-B419-661A5C961E61}
	EndGlobalSection
	GlobalSection(ExtensibilityGlobals) = postSolution
		SolutionGuid = {992CAC70-4FCA-45A1-99F4-76F794A42511}
	EndGlobalSection
EndGlobal
