
Microsoft Visual Studio Solution File, Format Version 12.00
# Visual Studio Version 17
VisualStudioVersion = 17.9.34616.47
MinimumVisualStudioVersion = 10.0.40219.1
Project("{FAE04EC0-301F-11D3-BF4B-00C04F79EFBC}") = "Pr0t0k07.APIsurdORM", "Pr0t0k07.APIsurdORM\Pr0t0k07.APIsurdORM.csproj", "{128D423B-7461-4E9F-A101-0E3120EA3EC8}"
EndProject
Global
	GlobalSection(SolutionConfigurationPlatforms) = preSolution
		Debug|Any CPU = Debug|Any CPU
		Release|Any CPU = Release|Any CPU
	EndGlobalSection
	GlobalSection(ProjectConfigurationPlatforms) = postSolution
		{128D423B-7461-4E9F-A101-0E3120EA3EC8}.Debug|Any CPU.ActiveCfg = Debug|Any CPU
		{128D423B-7461-4E9F-A101-0E3120EA3EC8}.Debug|Any CPU.Build.0 = Debug|Any CPU
		{128D423B-7461-4E9F-A101-0E3120EA3EC8}.Release|Any CPU.ActiveCfg = Release|Any CPU
		{128D423B-7461-4E9F-A101-0E3120EA3EC8}.Release|Any CPU.Build.0 = Release|Any CPU
	EndGlobalSection
	GlobalSection(SolutionProperties) = preSolution
		HideSolutionNode = FALSE
	EndGlobalSection
	GlobalSection(ExtensibilityGlobals) = postSolution
		SolutionGuid = {992CAC70-4FCA-45A1-99F4-76F794A42511}
	EndGlobalSection
EndGlobal
